
Microsoft Visual Studio Solution File, Format Version 12.00
# Visual Studio 15
VisualStudioVersion = 15.0.27703.2026
MinimumVisualStudioVersion = 10.0.40219.1
Project("{FAE04EC0-301F-11D3-BF4B-00C04F79EFBC}") = "First_Project", "First_Project\First_Project.csproj", "{CBEB8C9A-1813-413E-BAFA-29E08724DDE7}"
EndProject
Global
	GlobalSection(SolutionConfigurationPlatforms) = preSolution
		Debug|Any CPU = Debug|Any CPU
		Release|Any CPU = Release|Any CPU
	EndGlobalSection
	GlobalSection(ProjectConfigurationPlatforms) = postSolution
		{CBEB8C9A-1813-413E-BAFA-29E08724DDE7}.Debug|Any CPU.ActiveCfg = Debug|Any CPU
		{CBEB8C9A-1813-413E-BAFA-29E08724DDE7}.Debug|Any CPU.Build.0 = Debug|Any CPU
		{CBEB8C9A-1813-413E-BAFA-29E08724DDE7}.Release|Any CPU.ActiveCfg = Release|Any CPU
		{CBEB8C9A-1813-413E-BAFA-29E08724DDE7}.Release|Any CPU.Build.0 = Release|Any CPU
	EndGlobalSection
	GlobalSection(SolutionProperties) = preSolution
		HideSolutionNode = FALSE
	EndGlobalSection
	GlobalSection(ExtensibilityGlobals) = postSolution
		SolutionGuid = {F3AD36C2-967E-4F28-8192-D10B4BAC461E}
	EndGlobalSection
EndGlobal
